dependencies:
  espressif/led_strip:
    component_hash: 28621486f77229aaf81c71f5e15d6fbf36c2949cf11094e07090593e659e7639
    dependencies:
    - name: idf
      require: private
      version: '>=5.0'
    source:
      registry_url: https://components.espressif.com/
      type: service
    version: 3.0.3
  idf:
    source:
      type: idf
    version: 5.5.4
  microlink:
    component_hash: 3dfa97d00e225a91c8a125ecf1a6d2721cc21b91cb0baaa58adf8f14b8114fe0
    dependencies: []
    source:
      git: https://github.com/Sc1pex/microlink.git
      path: components/microlink
      type: git
    version: 4b33bade9fa1598f667139208f2230d94bf6267a
  wireguard_lwip:
    component_hash: d26f36a708eb2a0993c0ff2973bf97023de2dd2fbecc83913727c57fc3177901
    dependencies: []
    source:
      git: https://github.com/Sc1pex/microlink.git
      path: components/microlink/components/wireguard_lwip
      type: git
    version: 4b33bade9fa1598f667139208f2230d94bf6267a
direct_dependencies:
- espressif/led_strip
- idf
- microlink
- wireguard_lwip
manifest_hash: e50f0325ef527a25e7e8d9fd5fdaf5a1f5c2f5a1cff8ae877fa0728a9ac7645b
target: esp32s3
version: 2.0.0
