dependencies:
  espressif/led_strip:
    component_hash: 28621486f77229aaf81c71f5e15d6fbf36c2949cf11094e07090593e659e7639
    dependencies:
    - name: idf
      require: private
      version: '>=5.0'
    source:
      registry_url: https://components.espressif.com/
      type: service
    version: 3.0.3
  idf:
    source:
      type: idf
    version: 5.5.4
  microlink:
    component_hash: c7816e9bbbf9382dbfe6419247a1d8e5c303b3f88b03e138baacabcd6ee9638a
    dependencies: []
    source:
      git: https://github.com/CamM2325/microlink.git
      path: components/microlink
      type: git
    version: 216da3300f0493b0860247d43f7af5ce29df63a5
  wireguard_lwip:
    component_hash: 60b2f3335e06c3c2173db1860cd57fd98af532783e2f33b00caed069a85f3f60
    dependencies: []
    source:
      git: https://github.com/CamM2325/microlink.git
      path: components/microlink/components/wireguard_lwip
      type: git
    version: 216da3300f0493b0860247d43f7af5ce29df63a5
direct_dependencies:
- espressif/led_strip
- idf
- microlink
- wireguard_lwip
manifest_hash: b67676ad8308bed4cc349cbcf16b192826897e13ce8a7bce8c3ec6e9761e789f
target: esp32s3
version: 2.0.0
